
Microsoft Visual Studio Solution File, Format Version 12.00
# Visual Studio 15
VisualStudioVersion = 15.0.27130.2036
MinimumVisualStudioVersion = 10.0.40219.1
Project("{9A19103F-16F7-4668-BE54-9A1E7A4F7556}") = "FleetMgmt.TokenTest", "FleetMgmt.TokenTest\FleetMgmt.TokenTest.csproj", "{1FDE29CD-E7AF-44FD-82A5-D22C1238E16A}"
EndProject
Project("{9A19103F-16F7-4668-BE54-9A1E7A4F7556}") = "FleetMgmt.IdentityServer", "FleetMgmt.IdentityServer\FleetMgmt.IdentityServer.csproj", "{8C544371-2D50-4C89-AB9B-0E897DA16848}"
EndProject
Project("{9A19103F-16F7-4668-BE54-9A1E7A4F7556}") = "FleetMgmt.Web", "FleetMgmt.Web\FleetMgmt.Web.csproj", "{3313F129-047D-4694-825F-72702D9AAE2A}"
EndProject
Project("{FAE04EC0-301F-11D3-BF4B-00C04F79EFBC}") = "FleetMgmt.Dto", "FleetMgmt.Dto\FleetMgmt.Dto.csproj", "{0D11ADB9-7CA8-4A56-8DDE-85B31C563C14}"
EndProject
Project("{FAE04EC0-301F-11D3-BF4B-00C04F79EFBC}") = "FleetMgmt.Data", "FleetMgmt.Data\FleetMgmt.Data.csproj", "{BAA37AA3-A309-485A-B403-F77A658D4418}"
EndProject
Project("{FAE04EC0-301F-11D3-BF4B-00C04F79EFBC}") = "FleetMgmt.Repository", "FleetMgmt.Repository\FleetMgmt.Repository.csproj", "{B2F9A35C-66A4-44E7-AE45-35B1CEBC0F44}"
EndProject
Project("{FAE04EC0-301F-11D3-BF4B-00C04F79EFBC}") = "FleetMgmt.Domain", "FleetMgmt.Domain\FleetMgmt.Domain.csproj", "{E39A61F2-BC90-4CE7-821A-3AACA4E17C37}"
EndProject
Global
	GlobalSection(SolutionConfigurationPlatforms) = preSolution
		Debug|Any CPU = Debug|Any CPU
		Release|Any CPU = Release|Any CPU
	EndGlobalSection
	GlobalSection(ProjectConfigurationPlatforms) = postSolution
		{1FDE29CD-E7AF-44FD-82A5-D22C1238E16A}.Debug|Any CPU.ActiveCfg = Debug|Any CPU
		{1FDE29CD-E7AF-44FD-82A5-D22C1238E16A}.Debug|Any CPU.Build.0 = Debug|Any CPU
		{1FDE29CD-E7AF-44FD-82A5-D22C1238E16A}.Release|Any CPU.ActiveCfg = Release|Any CPU
		{1FDE29CD-E7AF-44FD-82A5-D22C1238E16A}.Release|Any CPU.Build.0 = Release|Any CPU
		{8C544371-2D50-4C89-AB9B-0E897DA16848}.Debug|Any CPU.ActiveCfg = Debug|Any CPU
		{8C544371-2D50-4C89-AB9B-0E897DA16848}.Debug|Any CPU.Build.0 = Debug|Any CPU
		{8C544371-2D50-4C89-AB9B-0E897DA16848}.Release|Any CPU.ActiveCfg = Release|Any CPU
		{8C544371-2D50-4C89-AB9B-0E897DA16848}.Release|Any CPU.Build.0 = Release|Any CPU
		{3313F129-047D-4694-825F-72702D9AAE2A}.Debug|Any CPU.ActiveCfg = Debug|Any CPU
		{3313F129-047D-4694-825F-72702D9AAE2A}.Debug|Any CPU.Build.0 = Debug|Any CPU
		{3313F129-047D-4694-825F-72702D9AAE2A}.Release|Any CPU.ActiveCfg = Release|Any CPU
		{3313F129-047D-4694-825F-72702D9AAE2A}.Release|Any CPU.Build.0 = Release|Any CPU
		{0D11ADB9-7CA8-4A56-8DDE-85B31C563C14}.Debug|Any CPU.ActiveCfg = Debug|Any CPU
		{0D11ADB9-7CA8-4A56-8DDE-85B31C563C14}.Debug|Any CPU.Build.0 = Debug|Any CPU
		{0D11ADB9-7CA8-4A56-8DDE-85B31C563C14}.Release|Any CPU.ActiveCfg = Release|Any CPU
		{0D11ADB9-7CA8-4A56-8DDE-85B31C563C14}.Release|Any CPU.Build.0 = Release|Any CPU
		{BAA37AA3-A309-485A-B403-F77A658D4418}.Debug|Any CPU.ActiveCfg = Debug|Any CPU
		{BAA37AA3-A309-485A-B403-F77A658D4418}.Debug|Any CPU.Build.0 = Debug|Any CPU
		{BAA37AA3-A309-485A-B403-F77A658D4418}.Release|Any CPU.ActiveCfg = Release|Any CPU
		{BAA37AA3-A309-485A-B403-F77A658D4418}.Release|Any CPU.Build.0 = Release|Any CPU
		{B2F9A35C-66A4-44E7-AE45-35B1CEBC0F44}.Debug|Any CPU.ActiveCfg = Debug|Any CPU
		{B2F9A35C-66A4-44E7-AE45-35B1CEBC0F44}.Debug|Any CPU.Build.0 = Debug|Any CPU
		{B2F9A35C-66A4-44E7-AE45-35B1CEBC0F44}.Release|Any CPU.ActiveCfg = Release|Any CPU
		{B2F9A35C-66A4-44E7-AE45-35B1CEBC0F44}.Release|Any CPU.Build.0 = Release|Any CPU
		{E39A61F2-BC90-4CE7-821A-3AACA4E17C37}.Debug|Any CPU.ActiveCfg = Debug|Any CPU
		{E39A61F2-BC90-4CE7-821A-3AACA4E17C37}.Debug|Any CPU.Build.0 = Debug|Any CPU
		{E39A61F2-BC90-4CE7-821A-3AACA4E17C37}.Release|Any CPU.ActiveCfg = Release|Any CPU
		{E39A61F2-BC90-4CE7-821A-3AACA4E17C37}.Release|Any CPU.Build.0 = Release|Any CPU
	EndGlobalSection
	GlobalSection(SolutionProperties) = preSolution
		HideSolutionNode = FALSE
	EndGlobalSection
	GlobalSection(ExtensibilityGlobals) = postSolution
		SolutionGuid = {857A1D68-5B97-467C-A146-C0E545C058B0}
	EndGlobalSection
EndGlobal
